
Microsoft Visual Studio Solution File, Format Version 12.00
# Visual Studio Version 17
VisualStudioVersion = 17.13.35828.75
MinimumVisualStudioVersion = 10.0.40219.1
Project("{FAE04EC0-301F-11D3-BF4B-00C04F79EFBC}") = "HauStatOffsetAdjuster", "HauStatOffsetAdjuster\HauStatOffsetAdjuster.csproj", "{0DA065DA-8261-475F-9B54-F5CBAEF1D472}"
EndProject
Global
	GlobalSection(SolutionConfigurationPlatforms) = preSolution
		Debug|Any CPU = Debug|Any CPU
		Release|Any CPU = Release|Any CPU
	EndGlobalSection
	GlobalSection(ProjectConfigurationPlatforms) = postSolution
		{0DA065DA-8261-475F-9B54-F5CBAEF1D472}.Debug|Any CPU.ActiveCfg = Debug|Any CPU
		{0DA065DA-8261-475F-9B54-F5CBAEF1D472}.Debug|Any CPU.Build.0 = Debug|Any CPU
		{0DA065DA-8261-475F-9B54-F5CBAEF1D472}.Release|Any CPU.ActiveCfg = Release|Any CPU
		{0DA065DA-8261-475F-9B54-F5CBAEF1D472}.Release|Any CPU.Build.0 = Release|Any CPU
	EndGlobalSection
	GlobalSection(SolutionProperties) = preSolution
		HideSolutionNode = FALSE
	EndGlobalSection
	GlobalSection(ExtensibilityGlobals) = postSolution
		SolutionGuid = {7608E212-F98F-48FD-870C-79AF473081FA}
	EndGlobalSection
EndGlobal
